
Microsoft Visual Studio Solution File, Format Version 11.00
# Visual Studio 2010
# SharpDevelop 4.4
Project("{FD48973F-F585-4F70-812B-4D0503B36CE9}") = "Program58t", "Program58t\Program58t.pyproj", "{32FC5A77-EFEA-4071-B766-044063BC9D19}"
EndProject
Global
	GlobalSection(SolutionConfigurationPlatforms) = preSolution
		Debug|Any CPU = Debug|Any CPU
		Release|Any CPU = Release|Any CPU
	EndGlobalSection
	GlobalSection(ProjectConfigurationPlatforms) = postSolution
		{32FC5A77-EFEA-4071-B766-044063BC9D19}.Debug|Any CPU.Build.0 = Debug|Any CPU
		{32FC5A77-EFEA-4071-B766-044063BC9D19}.Debug|Any CPU.ActiveCfg = Debug|Any CPU
		{32FC5A77-EFEA-4071-B766-044063BC9D19}.Release|Any CPU.Build.0 = Release|Any CPU
		{32FC5A77-EFEA-4071-B766-044063BC9D19}.Release|Any CPU.ActiveCfg = Release|Any CPU
	EndGlobalSection
EndGlobal
