
Microsoft Visual Studio Solution File, Format Version 11.00
# Visual Studio 2010
# SharpDevelop 4.4
Project("{FD48973F-F585-4F70-812B-4D0503B36CE9}") = "Lang54bSumAve", "Lang54bSumAve\Lang54bSumAve.pyproj", "{FDEEBF41-D200-4653-BEDE-F2F9D5C5F058}"
EndProject
Global
	GlobalSection(SolutionConfigurationPlatforms) = preSolution
		Debug|Any CPU = Debug|Any CPU
		Release|Any CPU = Release|Any CPU
	EndGlobalSection
	GlobalSection(ProjectConfigurationPlatforms) = postSolution
		{FDEEBF41-D200-4653-BEDE-F2F9D5C5F058}.Debug|Any CPU.Build.0 = Debug|Any CPU
		{FDEEBF41-D200-4653-BEDE-F2F9D5C5F058}.Debug|Any CPU.ActiveCfg = Debug|Any CPU
		{FDEEBF41-D200-4653-BEDE-F2F9D5C5F058}.Release|Any CPU.Build.0 = Release|Any CPU
		{FDEEBF41-D200-4653-BEDE-F2F9D5C5F058}.Release|Any CPU.ActiveCfg = Release|Any CPU
	EndGlobalSection
EndGlobal
