
Microsoft Visual Studio Solution File, Format Version 11.00
# Visual Studio 2010
# SharpDevelop 4.4
Project("{FD48973F-F585-4F70-812B-4D0503B36CE9}") = "Pro54a", "Pro54a.pyproj", "{46AF2569-EE12-4E84-9237-54C1FF68BB73}"
EndProject
Global
	GlobalSection(SolutionConfigurationPlatforms) = preSolution
		Debug|Any CPU = Debug|Any CPU
		Release|Any CPU = Release|Any CPU
	EndGlobalSection
	GlobalSection(ProjectConfigurationPlatforms) = postSolution
		{46AF2569-EE12-4E84-9237-54C1FF68BB73}.Debug|Any CPU.Build.0 = Debug|Any CPU
		{46AF2569-EE12-4E84-9237-54C1FF68BB73}.Debug|Any CPU.ActiveCfg = Debug|Any CPU
		{46AF2569-EE12-4E84-9237-54C1FF68BB73}.Release|Any CPU.Build.0 = Release|Any CPU
		{46AF2569-EE12-4E84-9237-54C1FF68BB73}.Release|Any CPU.ActiveCfg = Release|Any CPU
	EndGlobalSection
EndGlobal
