
Microsoft Visual Studio Solution File, Format Version 11.00
# Visual Studio 2010
# SharpDevelop 4.4
Project("{FD48973F-F585-4F70-812B-4D0503B36CE9}") = "CraigRules", "CraigRules.pyproj", "{B3A797E0-DE1E-4213-ACE8-8011A2C2FF09}"
EndProject
Global
	GlobalSection(SolutionConfigurationPlatforms) = preSolution
		Debug|Any CPU = Debug|Any CPU
		Release|Any CPU = Release|Any CPU
	EndGlobalSection
	GlobalSection(ProjectConfigurationPlatforms) = postSolution
		{B3A797E0-DE1E-4213-ACE8-8011A2C2FF09}.Debug|Any CPU.Build.0 = Debug|Any CPU
		{B3A797E0-DE1E-4213-ACE8-8011A2C2FF09}.Debug|Any CPU.ActiveCfg = Debug|Any CPU
		{B3A797E0-DE1E-4213-ACE8-8011A2C2FF09}.Release|Any CPU.Build.0 = Release|Any CPU
		{B3A797E0-DE1E-4213-ACE8-8011A2C2FF09}.Release|Any CPU.ActiveCfg = Release|Any CPU
	EndGlobalSection
EndGlobal
