
Microsoft Visual Studio Solution File, Format Version 11.00
# Visual Studio 2010
# SharpDevelop 4.4
Project("{FD48973F-F585-4F70-812B-4D0503B36CE9}") = "Pro122i", "Pro122i\Pro122i.pyproj", "{4109B961-12EC-45B2-9AFC-2753CB50394F}"
EndProject
Global
	GlobalSection(SolutionConfigurationPlatforms) = preSolution
		Debug|Any CPU = Debug|Any CPU
		Release|Any CPU = Release|Any CPU
	EndGlobalSection
	GlobalSection(ProjectConfigurationPlatforms) = postSolution
		{4109B961-12EC-45B2-9AFC-2753CB50394F}.Debug|Any CPU.Build.0 = Debug|Any CPU
		{4109B961-12EC-45B2-9AFC-2753CB50394F}.Debug|Any CPU.ActiveCfg = Debug|Any CPU
		{4109B961-12EC-45B2-9AFC-2753CB50394F}.Release|Any CPU.Build.0 = Release|Any CPU
		{4109B961-12EC-45B2-9AFC-2753CB50394F}.Release|Any CPU.ActiveCfg = Release|Any CPU
	EndGlobalSection
EndGlobal
