
Microsoft Visual Studio Solution File, Format Version 11.00
# Visual Studio 2010
# SharpDevelop 4.4
Project("{FD48973F-F585-4F70-812B-4D0503B36CE9}") = "Pro122h", "Pro122h\Pro122h.pyproj", "{BCED0206-9F8C-4ECC-A712-2EAEB6A66243}"
EndProject
Global
	GlobalSection(SolutionConfigurationPlatforms) = preSolution
		Debug|Any CPU = Debug|Any CPU
		Release|Any CPU = Release|Any CPU
	EndGlobalSection
	GlobalSection(ProjectConfigurationPlatforms) = postSolution
		{BCED0206-9F8C-4ECC-A712-2EAEB6A66243}.Debug|Any CPU.Build.0 = Debug|Any CPU
		{BCED0206-9F8C-4ECC-A712-2EAEB6A66243}.Debug|Any CPU.ActiveCfg = Debug|Any CPU
		{BCED0206-9F8C-4ECC-A712-2EAEB6A66243}.Release|Any CPU.Build.0 = Release|Any CPU
		{BCED0206-9F8C-4ECC-A712-2EAEB6A66243}.Release|Any CPU.ActiveCfg = Release|Any CPU
	EndGlobalSection
EndGlobal
